
Microsoft Visual Studio Solution File, Format Version 12.00
# Visual Studio 14
VisualStudioVersion = 14.0.24720.0
MinimumVisualStudioVersion = 10.0.40219.1
Project("{FAE04EC0-301F-11D3-BF4B-00C04F79EFBC}") = "RapportControllerLib", "RapportControllerLib\RapportControllerLib.csproj", "{C5BEE7F7-2120-4521-AE1C-1D77C1FAB3A2}"
EndProject
Project("{FAE04EC0-301F-11D3-BF4B-00C04F79EFBC}") = "RapportActionProposer", "RapportActionProposer\RapportActionProposer.csproj", "{B8A4BC61-3B45-416A-8368-E45B4B681B70}"
EndProject
Project("{FAE04EC0-301F-11D3-BF4B-00C04F79EFBC}") = "RapportControllerWpfApplication", "RapportControllerWpfApplication\RapportControllerWpfApplication.csproj", "{F41E9A94-6E87-416E-BBE9-D12370B6BF90}"
EndProject
Global
	GlobalSection(SolutionConfigurationPlatforms) = preSolution
		Debug|Any CPU = Debug|Any CPU
		Release|Any CPU = Release|Any CPU
	EndGlobalSection
	GlobalSection(ProjectConfigurationPlatforms) = postSolution
		{C5BEE7F7-2120-4521-AE1C-1D77C1FAB3A2}.Debug|Any CPU.ActiveCfg = Debug|Any CPU
		{C5BEE7F7-2120-4521-AE1C-1D77C1FAB3A2}.Debug|Any CPU.Build.0 = Debug|Any CPU
		{C5BEE7F7-2120-4521-AE1C-1D77C1FAB3A2}.Release|Any CPU.ActiveCfg = Release|Any CPU
		{C5BEE7F7-2120-4521-AE1C-1D77C1FAB3A2}.Release|Any CPU.Build.0 = Release|Any CPU
		{B8A4BC61-3B45-416A-8368-E45B4B681B70}.Debug|Any CPU.ActiveCfg = Debug|Any CPU
		{B8A4BC61-3B45-416A-8368-E45B4B681B70}.Debug|Any CPU.Build.0 = Debug|Any CPU
		{B8A4BC61-3B45-416A-8368-E45B4B681B70}.Release|Any CPU.ActiveCfg = Release|Any CPU
		{B8A4BC61-3B45-416A-8368-E45B4B681B70}.Release|Any CPU.Build.0 = Release|Any CPU
		{F41E9A94-6E87-416E-BBE9-D12370B6BF90}.Debug|Any CPU.ActiveCfg = Debug|Any CPU
		{F41E9A94-6E87-416E-BBE9-D12370B6BF90}.Debug|Any CPU.Build.0 = Debug|Any CPU
		{F41E9A94-6E87-416E-BBE9-D12370B6BF90}.Release|Any CPU.ActiveCfg = Release|Any CPU
		{F41E9A94-6E87-416E-BBE9-D12370B6BF90}.Release|Any CPU.Build.0 = Release|Any CPU
	EndGlobalSection
	GlobalSection(SolutionProperties) = preSolution
		HideSolutionNode = FALSE
	EndGlobalSection
EndGlobal
